
Microsoft Visual Studio Solution File, Format Version 12.00
# Visual Studio 2013
VisualStudioVersion = 12.0.31101.0
MinimumVisualStudioVersion = 10.0.40219.1
Project("{FAE04EC0-301F-11D3-BF4B-00C04F79EFBC}") = "TodoList", "TodoList\TodoList.csproj", "{7A31D23F-9634-480E-AAA3-C11485EDC917}"
EndProject
Project("{FAE04EC0-301F-11D3-BF4B-00C04F79EFBC}") = "TodoList.iOS", "iOS\TodoList.iOS.csproj", "{A6C65756-B3B8-4228-9FF0-FD9E6FD362A9}"
EndProject
Project("{FAE04EC0-301F-11D3-BF4B-00C04F79EFBC}") = "TodoList.Droid", "Droid\TodoList.Droid.csproj", "{7549C33A-4FBE-4800-B6AC-8EB695C6F33F}"
EndProject
Project("{FAE04EC0-301F-11D3-BF4B-00C04F79EFBC}") = "TodoList.UITests", "UITests\TodoList.UITests.csproj", "{3FD081AD-532F-4D6E-A05C-369069C257C7}"
EndProject
Project("{FAE04EC0-301F-11D3-BF4B-00C04F79EFBC}") = "TodoList.WindowsPhone81", "TodoList.WindowsPhone81\TodoList.WindowsPhone81.csproj", "{DC59F50A-B798-4123-9DEC-3C5691C7FBC9}"
EndProject
Project("{FAE04EC0-301F-11D3-BF4B-00C04F79EFBC}") = "TodoList.Windows81", "TodoList.Windows81\TodoList.Windows81.csproj", "{0FB90527-0DF4-401C-883C-A0901F21B53E}"
EndProject
Global
	GlobalSection(SolutionConfigurationPlatforms) = preSolution
		Debug|Any CPU = Debug|Any CPU
		Debug|ARM = Debug|ARM
		Debug|iPhone = Debug|iPhone
		Debug|iPhoneSimulator = Debug|iPhoneSimulator
		Debug|Mixed Platforms = Debug|Mixed Platforms
		Debug|x64 = Debug|x64
		Debug|x86 = Debug|x86
		Release|Any CPU = Release|Any CPU
		Release|ARM = Release|ARM
		Release|iPhone = Release|iPhone
		Release|iPhoneSimulator = Release|iPhoneSimulator
		Release|Mixed Platforms = Release|Mixed Platforms
		Release|x64 = Release|x64
		Release|x86 = Release|x86
	EndGlobalSection
	GlobalSection(ProjectConfigurationPlatforms) = postSolution
		{7A31D23F-9634-480E-AAA3-C11485EDC917}.Debug|Any CPU.ActiveCfg = Debug|Any CPU
		{7A31D23F-9634-480E-AAA3-C11485EDC917}.Debug|Any CPU.Build.0 = Debug|Any CPU
		{7A31D23F-9634-480E-AAA3-C11485EDC917}.Debug|ARM.ActiveCfg = Debug|Any CPU
		{7A31D23F-9634-480E-AAA3-C11485EDC917}.Debug|iPhone.ActiveCfg = Debug|Any CPU
		{7A31D23F-9634-480E-AAA3-C11485EDC917}.Debug|iPhone.Build.0 = Debug|Any CPU
		{7A31D23F-9634-480E-AAA3-C11485EDC917}.Debug|iPhoneSimulator.ActiveCfg = Debug|Any CPU
		{7A31D23F-9634-480E-AAA3-C11485EDC917}.Debug|iPhoneSimulator.Build.0 = Debug|Any CPU
		{7A31D23F-9634-480E-AAA3-C11485EDC917}.Debug|Mixed Platforms.ActiveCfg = Debug|Any CPU
		{7A31D23F-9634-480E-AAA3-C11485EDC917}.Debug|Mixed Platforms.Build.0 = Debug|Any CPU
		{7A31D23F-9634-480E-AAA3-C11485EDC917}.Debug|x64.ActiveCfg = Debug|Any CPU
		{7A31D23F-9634-480E-AAA3-C11485EDC917}.Debug|x86.ActiveCfg = Debug|Any CPU
		{7A31D23F-9634-480E-AAA3-C11485EDC917}.Release|Any CPU.ActiveCfg = Release|Any CPU
		{7A31D23F-9634-480E-AAA3-C11485EDC917}.Release|Any CPU.Build.0 = Release|Any CPU
		{7A31D23F-9634-480E-AAA3-C11485EDC917}.Release|ARM.ActiveCfg = Release|Any CPU
		{7A31D23F-9634-480E-AAA3-C11485EDC917}.Release|iPhone.ActiveCfg = Release|Any CPU
		{7A31D23F-9634-480E-AAA3-C11485EDC917}.Release|iPhone.Build.0 = Release|Any CPU
		{7A31D23F-9634-480E-AAA3-C11485EDC917}.Release|iPhoneSimulator.ActiveCfg = Release|Any CPU
		{7A31D23F-9634-480E-AAA3-C11485EDC917}.Release|iPhoneSimulator.Build.0 = Release|Any CPU
		{7A31D23F-9634-480E-AAA3-C11485EDC917}.Release|Mixed Platforms.ActiveCfg = Release|Any CPU
		{7A31D23F-9634-480E-AAA3-C11485EDC917}.Release|Mixed Platforms.Build.0 = Release|Any CPU
		{7A31D23F-9634-480E-AAA3-C11485EDC917}.Release|x64.ActiveCfg = Release|Any CPU
		{7A31D23F-9634-480E-AAA3-C11485EDC917}.Release|x86.ActiveCfg = Release|Any CPU
		{A6C65756-B3B8-4228-9FF0-FD9E6FD362A9}.Debug|Any CPU.ActiveCfg = Debug|iPhoneSimulator
		{A6C65756-B3B8-4228-9FF0-FD9E6FD362A9}.Debug|Any CPU.Build.0 = Debug|iPhoneSimulator
		{A6C65756-B3B8-4228-9FF0-FD9E6FD362A9}.Debug|ARM.ActiveCfg = Debug|iPhone
		{A6C65756-B3B8-4228-9FF0-FD9E6FD362A9}.Debug|iPhone.ActiveCfg = Debug|iPhone
		{A6C65756-B3B8-4228-9FF0-FD9E6FD362A9}.Debug|iPhone.Build.0 = Debug|iPhone
		{A6C65756-B3B8-4228-9FF0-FD9E6FD362A9}.Debug|iPhoneSimulator.ActiveCfg = Debug|iPhoneSimulator
		{A6C65756-B3B8-4228-9FF0-FD9E6FD362A9}.Debug|iPhoneSimulator.Build.0 = Debug|iPhoneSimulator
		{A6C65756-B3B8-4228-9FF0-FD9E6FD362A9}.Debug|Mixed Platforms.ActiveCfg = Debug|iPhone
		{A6C65756-B3B8-4228-9FF0-FD9E6FD362A9}.Debug|Mixed Platforms.Build.0 = Debug|iPhone
		{A6C65756-B3B8-4228-9FF0-FD9E6FD362A9}.Debug|x64.ActiveCfg = Debug|iPhone
		{A6C65756-B3B8-4228-9FF0-FD9E6FD362A9}.Debug|x86.ActiveCfg = Debug|iPhone
		{A6C65756-B3B8-4228-9FF0-FD9E6FD362A9}.Release|Any CPU.ActiveCfg = Release|iPhone
		{A6C65756-B3B8-4228-9FF0-FD9E6FD362A9}.Release|Any CPU.Build.0 = Release|iPhone
		{A6C65756-B3B8-4228-9FF0-FD9E6FD362A9}.Release|ARM.ActiveCfg = Release|iPhoneSimulator
		{A6C65756-B3B8-4228-9FF0-FD9E6FD362A9}.Release|iPhone.ActiveCfg = Release|iPhone
		{A6C65756-B3B8-4228-9FF0-FD9E6FD362A9}.Release|iPhone.Build.0 = Release|iPhone
		{A6C65756-B3B8-4228-9FF0-FD9E6FD362A9}.Release|iPhoneSimulator.ActiveCfg = Release|iPhoneSimulator
		{A6C65756-B3B8-4228-9FF0-FD9E6FD362A9}.Release|iPhoneSimulator.Build.0 = Release|iPhoneSimulator
		{A6C65756-B3B8-4228-9FF0-FD9E6FD362A9}.Release|Mixed Platforms.ActiveCfg = Release|iPhoneSimulator
		{A6C65756-B3B8-4228-9FF0-FD9E6FD362A9}.Release|Mixed Platforms.Build.0 = Release|iPhoneSimulator
		{A6C65756-B3B8-4228-9FF0-FD9E6FD362A9}.Release|x64.ActiveCfg = Release|iPhoneSimulator
		{A6C65756-B3B8-4228-9FF0-FD9E6FD362A9}.Release|x86.ActiveCfg = Release|iPhoneSimulator
		{7549C33A-4FBE-4800-B6AC-8EB695C6F33F}.Debug|Any CPU.ActiveCfg = Debug|Any CPU
		{7549C33A-4FBE-4800-B6AC-8EB695C6F33F}.Debug|Any CPU.Build.0 = Debug|Any CPU
		{7549C33A-4FBE-4800-B6AC-8EB695C6F33F}.Debug|ARM.ActiveCfg = Debug|Any CPU
		{7549C33A-4FBE-4800-B6AC-8EB695C6F33F}.Debug|iPhone.ActiveCfg = Debug|Any CPU
		{7549C33A-4FBE-4800-B6AC-8EB695C6F33F}.Debug|iPhone.Build.0 = Debug|Any CPU
		{7549C33A-4FBE-4800-B6AC-8EB695C6F33F}.Debug|iPhoneSimulator.ActiveCfg = Debug|Any CPU
		{7549C33A-4FBE-4800-B6AC-8EB695C6F33F}.Debug|iPhoneSimulator.Build.0 = Debug|Any CPU
		{7549C33A-4FBE-4800-B6AC-8EB695C6F33F}.Debug|Mixed Platforms.ActiveCfg = Debug|Any CPU
		{7549C33A-4FBE-4800-B6AC-8EB695C6F33F}.Debug|Mixed Platforms.Build.0 = Debug|Any CPU
		{7549C33A-4FBE-4800-B6AC-8EB695C6F33F}.Debug|Mixed Platforms.Deploy.0 = Debug|Any CPU
		{7549C33A-4FBE-4800-B6AC-8EB695C6F33F}.Debug|x64.ActiveCfg = Debug|Any CPU
		{7549C33A-4FBE-4800-B6AC-8EB695C6F33F}.Debug|x86.ActiveCfg = Debug|Any CPU
		{7549C33A-4FBE-4800-B6AC-8EB695C6F33F}.Release|Any CPU.ActiveCfg = Release|Any CPU
		{7549C33A-4FBE-4800-B6AC-8EB695C6F33F}.Release|Any CPU.Build.0 = Release|Any CPU
		{7549C33A-4FBE-4800-B6AC-8EB695C6F33F}.Release|ARM.ActiveCfg = Release|Any CPU
		{7549C33A-4FBE-4800-B6AC-8EB695C6F33F}.Release|iPhone.ActiveCfg = Release|Any CPU
		{7549C33A-4FBE-4800-B6AC-8EB695C6F33F}.Release|iPhone.Build.0 = Release|Any CPU
		{7549C33A-4FBE-4800-B6AC-8EB695C6F33F}.Release|iPhoneSimulator.ActiveCfg = Release|Any CPU
		{7549C33A-4FBE-4800-B6AC-8EB695C6F33F}.Release|iPhoneSimulator.Build.0 = Release|Any CPU
		{7549C33A-4FBE-4800-B6AC-8EB695C6F33F}.Release|Mixed Platforms.ActiveCfg = Release|Any CPU
		{7549C33A-4FBE-4800-B6AC-8EB695C6F33F}.Release|Mixed Platforms.Build.0 = Release|Any CPU
		{7549C33A-4FBE-4800-B6AC-8EB695C6F33F}.Release|Mixed Platforms.Deploy.0 = Release|Any CPU
		{7549C33A-4FBE-4800-B6AC-8EB695C6F33F}.Release|x64.ActiveCfg = Release|Any CPU
		{7549C33A-4FBE-4800-B6AC-8EB695C6F33F}.Release|x86.ActiveCfg = Release|Any CPU
		{3FD081AD-532F-4D6E-A05C-369069C257C7}.Debug|Any CPU.ActiveCfg = Debug|Any CPU
		{3FD081AD-532F-4D6E-A05C-369069C257C7}.Debug|Any CPU.Build.0 = Debug|Any CPU
		{3FD081AD-532F-4D6E-A05C-369069C257C7}.Debug|ARM.ActiveCfg = Debug|Any CPU
		{3FD081AD-532F-4D6E-A05C-369069C257C7}.Debug|iPhone.ActiveCfg = Debug|Any CPU
		{3FD081AD-532F-4D6E-A05C-369069C257C7}.Debug|iPhone.Build.0 = Debug|Any CPU
		{3FD081AD-532F-4D6E-A05C-369069C257C7}.Debug|iPhoneSimulator.ActiveCfg = Debug|Any CPU
		{3FD081AD-532F-4D6E-A05C-369069C257C7}.Debug|iPhoneSimulator.Build.0 = Debug|Any CPU
		{3FD081AD-532F-4D6E-A05C-369069C257C7}.Debug|Mixed Platforms.ActiveCfg = Debug|Any CPU
		{3FD081AD-532F-4D6E-A05C-369069C257C7}.Debug|Mixed Platforms.Build.0 = Debug|Any CPU
		{3FD081AD-532F-4D6E-A05C-369069C257C7}.Debug|x64.ActiveCfg = Debug|Any CPU
		{3FD081AD-532F-4D6E-A05C-369069C257C7}.Debug|x86.ActiveCfg = Debug|Any CPU
		{3FD081AD-532F-4D6E-A05C-369069C257C7}.Release|Any CPU.ActiveCfg = Release|Any CPU
		{3FD081AD-532F-4D6E-A05C-369069C257C7}.Release|Any CPU.Build.0 = Release|Any CPU
		{3FD081AD-532F-4D6E-A05C-369069C257C7}.Release|ARM.ActiveCfg = Release|Any CPU
		{3FD081AD-532F-4D6E-A05C-369069C257C7}.Release|iPhone.ActiveCfg = Release|Any CPU
		{3FD081AD-532F-4D6E-A05C-369069C257C7}.Release|iPhone.Build.0 = Release|Any CPU
		{3FD081AD-532F-4D6E-A05C-369069C257C7}.Release|iPhoneSimulator.ActiveCfg = Release|Any CPU
		{3FD081AD-532F-4D6E-A05C-369069C257C7}.Release|iPhoneSimulator.Build.0 = Release|Any CPU
		{3FD081AD-532F-4D6E-A05C-369069C257C7}.Release|Mixed Platforms.ActiveCfg = Release|Any CPU
		{3FD081AD-532F-4D6E-A05C-369069C257C7}.Release|Mixed Platforms.Build.0 = Release|Any CPU
		{3FD081AD-532F-4D6E-A05C-369069C257C7}.Release|x64.ActiveCfg = Release|Any CPU
		{3FD081AD-532F-4D6E-A05C-369069C257C7}.Release|x86.ActiveCfg = Release|Any CPU
		{DC59F50A-B798-4123-9DEC-3C5691C7FBC9}.Debug|Any CPU.ActiveCfg = Debug|Any CPU
		{DC59F50A-B798-4123-9DEC-3C5691C7FBC9}.Debug|Any CPU.Build.0 = Debug|Any CPU
		{DC59F50A-B798-4123-9DEC-3C5691C7FBC9}.Debug|Any CPU.Deploy.0 = Debug|Any CPU
		{DC59F50A-B798-4123-9DEC-3C5691C7FBC9}.Debug|ARM.ActiveCfg = Debug|ARM
		{DC59F50A-B798-4123-9DEC-3C5691C7FBC9}.Debug|ARM.Build.0 = Debug|ARM
		{DC59F50A-B798-4123-9DEC-3C5691C7FBC9}.Debug|ARM.Deploy.0 = Debug|ARM
		{DC59F50A-B798-4123-9DEC-3C5691C7FBC9}.Debug|iPhone.ActiveCfg = Debug|Any CPU
		{DC59F50A-B798-4123-9DEC-3C5691C7FBC9}.Debug|iPhoneSimulator.ActiveCfg = Debug|Any CPU
		{DC59F50A-B798-4123-9DEC-3C5691C7FBC9}.Debug|Mixed Platforms.ActiveCfg = Debug|x86
		{DC59F50A-B798-4123-9DEC-3C5691C7FBC9}.Debug|Mixed Platforms.Build.0 = Debug|x86
		{DC59F50A-B798-4123-9DEC-3C5691C7FBC9}.Debug|Mixed Platforms.Deploy.0 = Debug|x86
		{DC59F50A-B798-4123-9DEC-3C5691C7FBC9}.Debug|x64.ActiveCfg = Debug|Any CPU
		{DC59F50A-B798-4123-9DEC-3C5691C7FBC9}.Debug|x86.ActiveCfg = Debug|x86
		{DC59F50A-B798-4123-9DEC-3C5691C7FBC9}.Debug|x86.Build.0 = Debug|x86
		{DC59F50A-B798-4123-9DEC-3C5691C7FBC9}.Debug|x86.Deploy.0 = Debug|x86
		{DC59F50A-B798-4123-9DEC-3C5691C7FBC9}.Release|Any CPU.ActiveCfg = Release|Any CPU
		{DC59F50A-B798-4123-9DEC-3C5691C7FBC9}.Release|Any CPU.Build.0 = Release|Any CPU
		{DC59F50A-B798-4123-9DEC-3C5691C7FBC9}.Release|Any CPU.Deploy.0 = Release|Any CPU
		{DC59F50A-B798-4123-9DEC-3C5691C7FBC9}.Release|ARM.ActiveCfg = Release|ARM
		{DC59F50A-B798-4123-9DEC-3C5691C7FBC9}.Release|ARM.Build.0 = Release|ARM
		{DC59F50A-B798-4123-9DEC-3C5691C7FBC9}.Release|ARM.Deploy.0 = Release|ARM
		{DC59F50A-B798-4123-9DEC-3C5691C7FBC9}.Release|iPhone.ActiveCfg = Release|Any CPU
		{DC59F50A-B798-4123-9DEC-3C5691C7FBC9}.Release|iPhoneSimulator.ActiveCfg = Release|Any CPU
		{DC59F50A-B798-4123-9DEC-3C5691C7FBC9}.Release|Mixed Platforms.ActiveCfg = Release|x86
		{DC59F50A-B798-4123-9DEC-3C5691C7FBC9}.Release|Mixed Platforms.Build.0 = Release|x86
		{DC59F50A-B798-4123-9DEC-3C5691C7FBC9}.Release|Mixed Platforms.Deploy.0 = Release|x86
		{DC59F50A-B798-4123-9DEC-3C5691C7FBC9}.Release|x64.ActiveCfg = Release|Any CPU
		{DC59F50A-B798-4123-9DEC-3C5691C7FBC9}.Release|x86.ActiveCfg = Release|x86
		{DC59F50A-B798-4123-9DEC-3C5691C7FBC9}.Release|x86.Build.0 = Release|x86
		{DC59F50A-B798-4123-9DEC-3C5691C7FBC9}.Release|x86.Deploy.0 = Release|x86
		{0FB90527-0DF4-401C-883C-A0901F21B53E}.Debug|Any CPU.ActiveCfg = Debug|Any CPU
		{0FB90527-0DF4-401C-883C-A0901F21B53E}.Debug|Any CPU.Build.0 = Debug|Any CPU
		{0FB90527-0DF4-401C-883C-A0901F21B53E}.Debug|Any CPU.Deploy.0 = Debug|Any CPU
		{0FB90527-0DF4-401C-883C-A0901F21B53E}.Debug|ARM.ActiveCfg = Debug|ARM
		{0FB90527-0DF4-401C-883C-A0901F21B53E}.Debug|ARM.Build.0 = Debug|ARM
		{0FB90527-0DF4-401C-883C-A0901F21B53E}.Debug|ARM.Deploy.0 = Debug|ARM
		{0FB90527-0DF4-401C-883C-A0901F21B53E}.Debug|iPhone.ActiveCfg = Debug|Any CPU
		{0FB90527-0DF4-401C-883C-A0901F21B53E}.Debug|iPhoneSimulator.ActiveCfg = Debug|Any CPU
		{0FB90527-0DF4-401C-883C-A0901F21B53E}.Debug|Mixed Platforms.ActiveCfg = Debug|x86
		{0FB90527-0DF4-401C-883C-A0901F21B53E}.Debug|Mixed Platforms.Build.0 = Debug|x86
		{0FB90527-0DF4-401C-883C-A0901F21B53E}.Debug|Mixed Platforms.Deploy.0 = Debug|x86
		{0FB90527-0DF4-401C-883C-A0901F21B53E}.Debug|x64.ActiveCfg = Debug|x64
		{0FB90527-0DF4-401C-883C-A0901F21B53E}.Debug|x64.Build.0 = Debug|x64
		{0FB90527-0DF4-401C-883C-A0901F21B53E}.Debug|x64.Deploy.0 = Debug|x64
		{0FB90527-0DF4-401C-883C-A0901F21B53E}.Debug|x86.ActiveCfg = Debug|x86
		{0FB90527-0DF4-401C-883C-A0901F21B53E}.Debug|x86.Build.0 = Debug|x86
		{0FB90527-0DF4-401C-883C-A0901F21B53E}.Debug|x86.Deploy.0 = Debug|x86
		{0FB90527-0DF4-401C-883C-A0901F21B53E}.Release|Any CPU.ActiveCfg = Release|Any CPU
		{0FB90527-0DF4-401C-883C-A0901F21B53E}.Release|Any CPU.Build.0 = Release|Any CPU
		{0FB90527-0DF4-401C-883C-A0901F21B53E}.Release|Any CPU.Deploy.0 = Release|Any CPU
		{0FB90527-0DF4-401C-883C-A0901F21B53E}.Release|ARM.ActiveCfg = Release|ARM
		{0FB90527-0DF4-401C-883C-A0901F21B53E}.Release|ARM.Build.0 = Release|ARM
		{0FB90527-0DF4-401C-883C-A0901F21B53E}.Release|ARM.Deploy.0 = Release|ARM
		{0FB90527-0DF4-401C-883C-A0901F21B53E}.Release|iPhone.ActiveCfg = Release|Any CPU
		{0FB90527-0DF4-401C-883C-A0901F21B53E}.Release|iPhoneSimulator.ActiveCfg = Release|Any CPU
		{0FB90527-0DF4-401C-883C-A0901F21B53E}.Release|Mixed Platforms.ActiveCfg = Release|x86
		{0FB90527-0DF4-401C-883C-A0901F21B53E}.Release|Mixed Platforms.Build.0 = Release|x86
		{0FB90527-0DF4-401C-883C-A0901F21B53E}.Release|Mixed Platforms.Deploy.0 = Release|x86
		{0FB90527-0DF4-401C-883C-A0901F21B53E}.Release|x64.ActiveCfg = Release|x64
		{0FB90527-0DF4-401C-883C-A0901F21B53E}.Release|x64.Build.0 = Release|x64
		{0FB90527-0DF4-401C-883C-A0901F21B53E}.Release|x64.Deploy.0 = Release|x64
		{0FB90527-0DF4-401C-883C-A0901F21B53E}.Release|x86.ActiveCfg = Release|x86
		{0FB90527-0DF4-401C-883C-A0901F21B53E}.Release|x86.Build.0 = Release|x86
		{0FB90527-0DF4-401C-883C-A0901F21B53E}.Release|x86.Deploy.0 = Release|x86
	EndGlobalSection
	GlobalSection(SolutionProperties) = preSolution
		HideSolutionNode = FALSE
	EndGlobalSection
EndGlobal
